
Microsoft Visual Studio Solution File, Format Version 12.00
# Visual Studio Version 17
VisualStudioVersion = 17.14.36623.8 d17.14
MinimumVisualStudioVersion = 10.0.40219.1
Project("{FAE04EC0-301F-11D3-BF4B-00C04F79EFBC}") = "FilmArsivi", "FilmArsivi\FilmArsivi.csproj", "{635FD5DF-B49F-42A9-94E6-76921EE631E7}"
EndProject
Global
	GlobalSection(SolutionConfigurationPlatforms) = preSolution
		Debug|Any CPU = Debug|Any CPU
		Release|Any CPU = Release|Any CPU
	EndGlobalSection
	GlobalSection(ProjectConfigurationPlatforms) = postSolution
		{635FD5DF-B49F-42A9-94E6-76921EE631E7}.Debug|Any CPU.ActiveCfg = Debug|Any CPU
		{635FD5DF-B49F-42A9-94E6-76921EE631E7}.Debug|Any CPU.Build.0 = Debug|Any CPU
		{635FD5DF-B49F-42A9-94E6-76921EE631E7}.Release|Any CPU.ActiveCfg = Release|Any CPU
		{635FD5DF-B49F-42A9-94E6-76921EE631E7}.Release|Any CPU.Build.0 = Release|Any CPU
	EndGlobalSection
	GlobalSection(SolutionProperties) = preSolution
		HideSolutionNode = FALSE
	EndGlobalSection
	GlobalSection(ExtensibilityGlobals) = postSolution
		SolutionGuid = {08FBEA2A-E50E-4D91-B1E1-29068F2F897F}
	EndGlobalSection
EndGlobal
